// !$*UTF8*$!
{
	archiveVersion = 1;
	classes = {
	};
	objectVersion = 46;
	objects = {

/* Begin PBXBuildFile section */
		37E2B2691F1C4630009F236F /* AppDelegate.swift in Sources */ = {isa = PBXBuildFile; fileRef = 37E2B2681F1C4630009F236F /* AppDelegate.swift */; };
		37E2B26B1F1C4630009F236F /* ViewController.swift in Sources */ = {isa = PBXBuildFile; fileRef = 37E2B26A1F1C4630009F236F /* ViewController.swift */; };
		37E2B26E1F1C4630009F236F /* Main.storyboard in Resources */ = {isa = PBXBuildFile; fileRef = 37E2B26C1F1C4630009F236F /* Main.storyboard */; };
		37E2B2701F1C4630009F236F /* Assets.xcassets in Resources */ = {isa = PBXBuildFile; fileRef = 37E2B26F1F1C4630009F236F /* Assets.xcassets */; };
		37E2B2731F1C4630009F236F /* LaunchScreen.storyboard in Resources */ = {isa = PBXBuildFile; fileRef = 37E2B2711F1C4630009F236F /* LaunchScreen.storyboard */; };
/* End PBXBuildFile section */

/* Begin PBXFileReference section */
		37E2B2651F1C4630009F236F /* MFSwiftExample.app */ = {isa = PBXFileReference; explicitFileType = wrapper.application; includeInIndex = 0; path = MFSwiftExample.app; sourceTree = BUILT_PRODUCTS_DIR; };
		37E2B2681F1C4630009F236F /* AppDelegate.swift */ = {isa = PBXFileReference; lastKnownFileType = sourcecode.swift; path = AppDelegate.swift; sourceTree = "<group>"; };
		37E2B26A1F1C4630009F236F /* ViewController.swift */ = {isa = PBXFileReference; lastKnownFileType = sourcecode.swift; path = ViewController.swift; sourceTree = "<group>"; };
		37E2B26D1F1C4630009F236F /* Base */ = {isa = PBXFileReference; lastKnownFileType = file.storyboard; name = Base; path = Base.lproj/Main.storyboard; sourceTree = "<group>"; };
		37E2B26F1F1C4630009F236F /* Assets.xcassets */ = {isa = PBXFileReference; lastKnownFileType = folder.assetcatalog; path = Assets.xcassets; sourceTree = "<group>"; };
		37E2B2721F1C4630009F236F /* Base */ = {isa = PBXFileReference; lastKnownFileType = file.storyboard; name = Base; path = Base.lproj/LaunchScreen.storyboard; sourceTree = "<group>"; };
		37E2B2741F1C4630009F236F /* Info.plist */ = {isa = PBXFileReference; lastKnownFileType = text.plist.xml; path = Info.plist; sourceTree = "<group>"; };
/* End PBXFileReference section */

/* Begin PBXFrameworksBuildPhase section */
		37E2B2621F1C4630009F236F /* Frameworks */ = {
			isa = PBXFrameworksBuildPhase;
			buildActionMask = 2147483647;
			files = (
			);
			runOnlyForDeploymentPostprocessing = 0;
		};
/* End PBXFrameworksBuildPhase section */

/* Begin PBXGroup section */
		37E2B25C1F1C4630009F236F = {
			isa = PBXGroup;
			children = (
				37E2B2671F1C4630009F236F /* MFSwiftExample */,
				37E2B2661F1C4630009F236F /* Products */,
			);
			sourceTree = "<group>";
		};
		37E2B2661F1C4630009F236F /* Products */ = {
			isa = PBXGroup;
			children = (
				37E2B2651F1C4630009F236F /* MFSwiftExample.app */,
			);
			name = Products;
			sourceTree = "<group>";
		};
		37E2B2671F1C4630009F236F /* MFSwiftExample */ = {
			isa = PBXGroup;
			children = (
				37E2B2681F1C4630009F236F /* AppDelegate.swift */,
				37E2B26A1F1C4630009F236F /* ViewController.swift */,
				37E2B26C1F1C4630009F236F /* Main.storyboard */,
				37E2B26F1F1C4630009F236F /* Assets.xcassets */,
				37E2B2711F1C4630009F236F /* LaunchScreen.storyboard */,
				37E2B2741F1C4630009F236F /* Info.plist */,
			);
			path = MFSwiftExample;
			sourceTree = "<group>";
		};
/* End PBXGroup section */

/* Begin PBXNativeTarget section */
		37E2B2641F1C4630009F236F /* MFSwiftExample */ = {
			isa = PBXNativeTarget;
			buildConfigurationList = 37E2B2771F1C4630009F236F /* Build configuration list for PBXNativeTarget "MFSwiftExample" */;
			buildPhases = (
				37E2B2611F1C4630009F236F /* Sources */,
				37E2B2621F1C4630009F236F /* Frameworks */,
				37E2B2631F1C4630009F236F /* Resources */,
			);
			buildRules = (
			);
			dependencies = (
			);
			name = MFSwiftExample;
			productName = MFSwiftExample;
			productReference = 37E2B2651F1C4630009F236F /* MFSwiftExample.app */;
			productType = "com.apple.product-type.application";
		};
/* End PBXNativeTarget section */

/* Begin PBXProject section */
		37E2B25D1F1C4630009F236F /* Project object */ = {
			isa = PBXProject;
			attributes = {
				LastSwiftUpdateCheck = 0830;
				LastUpgradeCheck = 0830;
				ORGANIZATIONNAME = MF;
				TargetAttributes = {
					37E2B2641F1C4630009F236F = {
						CreatedOnToolsVersion = 8.3.3;
						ProvisioningStyle = Automatic;
					};
				};
			};
			buildConfigurationList = 37E2B2601F1C4630009F236F /* Build configuration list for PBXProject "MFSwiftExample" */;
			compatibilityVersion = "Xcode 3.2";
			developmentRegion = English;
			hasScannedForEncodings = 0;
			knownRegions = (
				en,
				Base,
			);
			mainGroup = 37E2B25C1F1C4630009F236F;
			productRefGroup = 37E2B2661F1C4630009F236F /* Products */;
			projectDirPath = "";
			projectRoot = "";
			targets = (
				37E2B2641F1C4630009F236F /* MFSwiftExample */,
			);
		};
/* End PBXProject section */

/* Begin PBXResourcesBuildPhase section */
		37E2B2631F1C4630009F236F /* Resources */ = {
			isa = PBXResourcesBuildPhase;
			buildActionMask = 2147483647;
			files = (
				37E2B2731F1C4630009F236F /* LaunchScreen.storyboard in Resources */,
				37E2B2701F1C4630009F236F /* Assets.xcassets in Resources */,
				37E2B26E1F1C4630009F236F /* Main.storyboard in Resources */,
			);
			runOnlyForDeploymentPostprocessing = 0;
		};
/* End PBXResourcesBuildPhase section */

/* Begin PBXSourcesBuildPhase section */
		37E2B2611F1C4630009F236F /* Sources */ = {
			isa = PBXSourcesBuildPhase;
			buildActionMask = 2147483647;
			files = (
				37E2B26B1F1C4630009F236F /* ViewController.swift in Sources */,
				37E2B2691F1C4630009F236F /* AppDelegate.swift in Sources */,
			);
			runOnlyForDeploymentPostprocessing = 0;
		};
/* End PBXSourcesBuildPhase section */

/* Begin PBXVariantGroup section */
		37E2B26C1F1C4630009F236F /* Main.storyboard */ = {
			isa = PBXVariantGroup;
			children = (
				37E2B26D1F1C4630009F236F /* Base */,
			);
			name = Main.storyboard;
			sourceTree = "<group>";
		};
		37E2B2711F1C4630009F236F /* LaunchScreen.storyboard */ = {
			isa = PBXVariantGroup;
			children = (
				37E2B2721F1C4630009F236F /* Base */,
			);
			name = LaunchScreen.storyboard;
			sourceTree = "<group>";
		};
/* End PBXVariantGroup section */

/* Begin XCBuildConfiguration section */
		37E2B2751F1C4630009F236F /* Debug */ = {
			isa = XCBuildConfiguration;
			buildSettings = {
				ALWAYS_SEARCH_USER_PATHS = NO;
				CLANG_ANALYZER_NONNULL = YES;
				CLANG_ANALYZER_NUMBER_OBJECT_CONVERSION = YES_AGGRESSIVE;
				CLANG_CXX_LANGUAGE_STANDARD = "gnu++0x";
				CLANG_CXX_LIBRARY = "libc++";
				CLANG_ENABLE_MODULES = YES;
				CLANG_ENABLE_OBJC_ARC = YES;
				CLANG_WARN_BOOL_CONVERSION = YES;
				CLANG_WARN_CONSTANT_CONVERSION = YES;
				CLANG_WARN_DIRECT_OBJC_ISA_USAGE = YES_ERROR;
				CLANG_WARN_DOCUMENTATION_COMMENTS = YES;
				CLANG_WARN_EMPTY_BODY = YES;
				CLANG_WARN_ENUM_CONVERSION = YES;
				CLANG_WARN_INFINITE_RECURSION = YES;
				CLANG_WARN_INT_CONVERSION = YES;
				CLANG_WARN_OBJC_ROOT_CLASS = YES_ERROR;
				CLANG_WARN_SUSPICIOUS_MOVE = YES;
				CLANG_WARN_UNREACHABLE_CODE = YES;
				CLANG_WARN__DUPLICATE_METHOD_MATCH = YES;
				"CODE_SIGN_IDENTITY[sdk=iphoneos*]" = "iPhone Developer";
				COPY_PHASE_STRIP = NO;
				DEBUG_INFORMATION_FORMAT = dwarf;
				ENABLE_STRICT_OBJC_MSGSEND = YES;
				ENABLE_TESTABILITY = YES;
				GCC_C_LANGUAGE_STANDARD = gnu99;
				GCC_DYNAMIC_NO_PIC = NO;
				GCC_NO_COMMON_BLOCKS = YES;
				GCC_OPTIMIZATION_LEVEL = 0;
				GCC_PREPROCESSOR_DEFINITIONS = (
					"DEBUG=1",
					"$(inherited)",
				);
				GCC_WARN_64_TO_32_BIT_CONVERSION = YES;
				GCC_WARN_ABOUT_RETURN_TYPE = YES_ERROR;
				GCC_WARN_UNDECLARED_SELECTOR = YES;
				GCC_WARN_UNINITIALIZED_AUTOS = YES_AGGRESSIVE;
				GCC_WARN_UNUSED_FUNCTION = YES;
				GCC_WARN_UNUSED_VARIABLE = YES;
				IPHONEOS_DEPLOYMENT_TARGET = 10.3;
				MTL_ENABLE_DEBUG_INFO = YES;
				ONLY_ACTIVE_ARCH = YES;
				SDKROOT = iphoneos;
				SWIFT_ACTIVE_COMPILATION_CONDITIONS = DEBUG;
				SWIFT_OPTIMIZATION_LEVEL = "-Onone";
				TARGETED_DEVICE_FAMILY = "1,2";
			};
			name = Debug;
		};
		37E2B2761F1C4630009F236F /* Release */ = {
			isa = XCBuildConfiguration;
			buildSettings = {
				ALWAYS_SEARCH_USER_PATHS = NO;
				CLANG_ANALYZER_NONNULL = YES;
				CLANG_ANALYZER_NUMBER_OBJECT_CONVERSION = YES_AGGRESSIVE;
				CLANG_CXX_LANGUAGE_STANDARD = "gnu++0x";
				CLANG_CXX_LIBRARY = "libc++";
				CLANG_ENABLE_MODULES = YES;
				CLANG_ENABLE_OBJC_ARC = YES;
				CLANG_WARN_BOOL_CONVERSION = YES;
				CLANG_WARN_CONSTANT_CONVERSION = YES;
				CLANG_WARN_DIRECT_OBJC_ISA_USAGE = YES_ERROR;
				CLANG_WARN_DOCUMENTATION_COMMENTS = YES;
				CLANG_WARN_EMPTY_BODY = YES;
				CLANG_WARN_ENUM_CONVERSION = YES;
				CLANG_WARN_INFINITE_RECURSION = YES;
				CLANG_WARN_INT_CONVERSION = YES;
				CLANG_WARN_OBJC_ROOT_CLASS = YES_ERROR;
				CLANG_WARN_SUSPICIOUS_MOVE = YES;
				CLANG_WARN_UNREACHABLE_CODE = YES;
				CLANG_WARN__DUPLICATE_METHOD_MATCH = YES;
				"CODE_SIGN_IDENTITY[sdk=iphoneos*]" = "iPhone Developer";
				COPY_PHASE_STRIP = NO;
				DEBUG_INFORMATION_FORMAT = "dwarf-with-dsym";
				ENABLE_NS_ASSERTIONS = NO;
				ENABLE_STRICT_OBJC_MSGSEND = YES;
				GCC_C_LANGUAGE_STANDARD = gnu99;
				GCC_NO_COMMON_BLOCKS = YES;
				GCC_WARN_64_TO_32_BIT_CONVERSION = YES;
				GCC_WARN_ABOUT_RETURN_TYPE = YES_ERROR;
				GCC_WARN_UNDECLARED_SELECTOR = YES;
				GCC_WARN_UNINITIALIZED_AUTOS = YES_AGGRESSIVE;
				GCC_WARN_UNUSED_FUNCTION = YES;
				GCC_WARN_UNUSED_VARIABLE = YES;
				IPHONEOS_DEPLOYMENT_TARGET = 10.3;
				MTL_ENABLE_DEBUG_INFO = NO;
				SDKROOT = iphoneos;
				SWIFT_OPTIMIZATION_LEVEL = "-Owholemodule";
				TARGETED_DEVICE_FAMILY = "1,2";
				VALIDATE_PRODUCT = YES;
			};
			name = Release;
		};
		37E2B2781F1C4630009F236F /* Debug */ = {
			isa = XCBuildConfiguration;
			buildSettings = {
				ASSETCATALOG_COMPILER_APPICON_NAME = AppIcon;
				INFOPLIST_FILE = MFSwiftExample/Info.plist;
				LD_RUNPATH_SEARCH_PATHS = "$(inherited) @executable_path/Frameworks";
				PRODUCT_BUNDLE_IDENTIFIER = MF.MFSwiftExample;
				PRODUCT_NAME = "$(TARGET_NAME)";
				SWIFT_VERSION = 3.0;
			};
			name = Debug;
		};
		37E2B2791F1C4630009F236F /* Release */ = {
			isa = XCBuildConfiguration;
			buildSettings = {
				ASSETCATALOG_COMPILER_APPICON_NAME = AppIcon;
				INFOPLIST_FILE = MFSwiftExample/Info.plist;
				LD_RUNPATH_SEARCH_PATHS = "$(inherited) @executable_path/Frameworks";
				PRODUCT_BUNDLE_IDENTIFIER = MF.MFSwiftExample;
				PRODUCT_NAME = "$(TARGET_NAME)";
				SWIFT_VERSION = 3.0;
			};
			name = Release;
		};
/* End XCBuildConfiguration section */

/* Begin XCConfigurationList section */
		37E2B2601F1C4630009F236F /* Build configuration list for PBXProject "MFSwiftExample" */ = {
			isa = XCConfigurationList;
			buildConfigurations = (
				37E2B2751F1C4630009F236F /* Debug */,
				37E2B2761F1C4630009F236F /* Release */,
			);
			defaultConfigurationIsVisible = 0;
			defaultConfigurationName = Release;
		};
		37E2B2771F1C4630009F236F /* Build configuration list for PBXNativeTarget "MFSwiftExample" */ = {
			isa = XCConfigurationList;
			buildConfigurations = (
				37E2B2781F1C4630009F236F /* Debug */,
				37E2B2791F1C4630009F236F /* Release */,
			);
			defaultConfigurationIsVisible = 0;
		};
/* End XCConfigurationList section */
	};
	rootObject = 37E2B25D1F1C4630009F236F /* Project object */;
}
